
Microsoft Visual Studio Solution File, Format Version 12.00
# Visual Studio 15
VisualStudioVersion = 15.0.28307.271
MinimumVisualStudioVersion = 10.0.40219.1
Project("{FAE04EC0-301F-11D3-BF4B-00C04F79EFBC}") = "Master.Android", "Master\Master.Android\Master.Android.csproj", "{94F9E8A1-46C0-40CD-A67B-964A39D0FAEC}"
EndProject
Project("{FAE04EC0-301F-11D3-BF4B-00C04F79EFBC}") = "Master.iOS", "Master\Master.iOS\Master.iOS.csproj", "{615947CB-068F-4470-BCE2-1F683BC7803A}"
EndProject
Project("{FAE04EC0-301F-11D3-BF4B-00C04F79EFBC}") = "Master", "Master\Master\Master.csproj", "{A707D647-80A1-476D-A806-C6455ECB9A53}"
EndProject
Global
	GlobalSection(SolutionConfigurationPlatforms) = preSolution
		Ad-Hoc|Any CPU = Ad-Hoc|Any CPU
		Ad-Hoc|iPhone = Ad-Hoc|iPhone
		Ad-Hoc|iPhoneSimulator = Ad-Hoc|iPhoneSimulator
		AppStore|Any CPU = AppStore|Any CPU
		AppStore|iPhone = AppStore|iPhone
		AppStore|iPhoneSimulator = AppStore|iPhoneSimulator
		Debug|Any CPU = Debug|Any CPU
		Debug|iPhone = Debug|iPhone
		Debug|iPhoneSimulator = Debug|iPhoneSimulator
		Release|Any CPU = Release|Any CPU
		Release|iPhone = Release|iPhone
		Release|iPhoneSimulator = Release|iPhoneSimulator
	EndGlobalSection
	GlobalSection(ProjectConfigurationPlatforms) = postSolution
		{94F9E8A1-46C0-40CD-A67B-964A39D0FAEC}.Ad-Hoc|Any CPU.ActiveCfg = Release|Any CPU
		{94F9E8A1-46C0-40CD-A67B-964A39D0FAEC}.Ad-Hoc|Any CPU.Build.0 = Release|Any CPU
		{94F9E8A1-46C0-40CD-A67B-964A39D0FAEC}.Ad-Hoc|Any CPU.Deploy.0 = Release|Any CPU
		{94F9E8A1-46C0-40CD-A67B-964A39D0FAEC}.Ad-Hoc|iPhone.ActiveCfg = Release|Any CPU
		{94F9E8A1-46C0-40CD-A67B-964A39D0FAEC}.Ad-Hoc|iPhone.Build.0 = Release|Any CPU
		{94F9E8A1-46C0-40CD-A67B-964A39D0FAEC}.Ad-Hoc|iPhone.Deploy.0 = Release|Any CPU
		{94F9E8A1-46C0-40CD-A67B-964A39D0FAEC}.Ad-Hoc|iPhoneSimulator.ActiveCfg = Release|Any CPU
		{94F9E8A1-46C0-40CD-A67B-964A39D0FAEC}.Ad-Hoc|iPhoneSimulator.Build.0 = Release|Any CPU
		{94F9E8A1-46C0-40CD-A67B-964A39D0FAEC}.Ad-Hoc|iPhoneSimulator.Deploy.0 = Release|Any CPU
		{94F9E8A1-46C0-40CD-A67B-964A39D0FAEC}.AppStore|Any CPU.ActiveCfg = Release|Any CPU
		{94F9E8A1-46C0-40CD-A67B-964A39D0FAEC}.AppStore|Any CPU.Build.0 = Release|Any CPU
		{94F9E8A1-46C0-40CD-A67B-964A39D0FAEC}.AppStore|Any CPU.Deploy.0 = Release|Any CPU
		{94F9E8A1-46C0-40CD-A67B-964A39D0FAEC}.AppStore|iPhone.ActiveCfg = Release|Any CPU
		{94F9E8A1-46C0-40CD-A67B-964A39D0FAEC}.AppStore|iPhone.Build.0 = Release|Any CPU
		{94F9E8A1-46C0-40CD-A67B-964A39D0FAEC}.AppStore|iPhone.Deploy.0 = Release|Any CPU
		{94F9E8A1-46C0-40CD-A67B-964A39D0FAEC}.AppStore|iPhoneSimulator.ActiveCfg = Release|Any CPU
		{94F9E8A1-46C0-40CD-A67B-964A39D0FAEC}.AppStore|iPhoneSimulator.Build.0 = Release|Any CPU
		{94F9E8A1-46C0-40CD-A67B-964A39D0FAEC}.AppStore|iPhoneSimulator.Deploy.0 = Release|Any CPU
		{94F9E8A1-46C0-40CD-A67B-964A39D0FAEC}.Debug|Any CPU.ActiveCfg = Debug|Any CPU
		{94F9E8A1-46C0-40CD-A67B-964A39D0FAEC}.Debug|Any CPU.Build.0 = Debug|Any CPU
		{94F9E8A1-46C0-40CD-A67B-964A39D0FAEC}.Debug|Any CPU.Deploy.0 = Debug|Any CPU
		{94F9E8A1-46C0-40CD-A67B-964A39D0FAEC}.Debug|iPhone.ActiveCfg = Debug|Any CPU
		{94F9E8A1-46C0-40CD-A67B-964A39D0FAEC}.Debug|iPhone.Build.0 = Debug|Any CPU
		{94F9E8A1-46C0-40CD-A67B-964A39D0FAEC}.Debug|iPhone.Deploy.0 = Debug|Any CPU
		{94F9E8A1-46C0-40CD-A67B-964A39D0FAEC}.Debug|iPhoneSimulator.ActiveCfg = Debug|Any CPU
		{94F9E8A1-46C0-40CD-A67B-964A39D0FAEC}.Debug|iPhoneSimulator.Build.0 = Debug|Any CPU
		{94F9E8A1-46C0-40CD-A67B-964A39D0FAEC}.Debug|iPhoneSimulator.Deploy.0 = Debug|Any CPU
		{94F9E8A1-46C0-40CD-A67B-964A39D0FAEC}.Release|Any CPU.ActiveCfg = Release|Any CPU
		{94F9E8A1-46C0-40CD-A67B-964A39D0FAEC}.Release|Any CPU.Build.0 = Release|Any CPU
		{94F9E8A1-46C0-40CD-A67B-964A39D0FAEC}.Release|Any CPU.Deploy.0 = Release|Any CPU
		{94F9E8A1-46C0-40CD-A67B-964A39D0FAEC}.Release|iPhone.ActiveCfg = Release|Any CPU
		{94F9E8A1-46C0-40CD-A67B-964A39D0FAEC}.Release|iPhone.Build.0 = Release|Any CPU
		{94F9E8A1-46C0-40CD-A67B-964A39D0FAEC}.Release|iPhone.Deploy.0 = Release|Any CPU
		{94F9E8A1-46C0-40CD-A67B-964A39D0FAEC}.Release|iPhoneSimulator.ActiveCfg = Release|Any CPU
		{94F9E8A1-46C0-40CD-A67B-964A39D0FAEC}.Release|iPhoneSimulator.Build.0 = Release|Any CPU
		{94F9E8A1-46C0-40CD-A67B-964A39D0FAEC}.Release|iPhoneSimulator.Deploy.0 = Release|Any CPU
		{615947CB-068F-4470-BCE2-1F683BC7803A}.Ad-Hoc|Any CPU.ActiveCfg = Ad-Hoc|iPhone
		{615947CB-068F-4470-BCE2-1F683BC7803A}.Ad-Hoc|Any CPU.Build.0 = Ad-Hoc|iPhone
		{615947CB-068F-4470-BCE2-1F683BC7803A}.Ad-Hoc|Any CPU.Deploy.0 = Ad-Hoc|iPhone
		{615947CB-068F-4470-BCE2-1F683BC7803A}.Ad-Hoc|iPhone.ActiveCfg = Ad-Hoc|iPhone
		{615947CB-068F-4470-BCE2-1F683BC7803A}.Ad-Hoc|iPhone.Build.0 = Ad-Hoc|iPhone
		{615947CB-068F-4470-BCE2-1F683BC7803A}.Ad-Hoc|iPhone.Deploy.0 = Ad-Hoc|iPhone
		{615947CB-068F-4470-BCE2-1F683BC7803A}.Ad-Hoc|iPhoneSimulator.ActiveCfg = Ad-Hoc|iPhoneSimulator
		{615947CB-068F-4470-BCE2-1F683BC7803A}.Ad-Hoc|iPhoneSimulator.Build.0 = Ad-Hoc|iPhoneSimulator
		{615947CB-068F-4470-BCE2-1F683BC7803A}.Ad-Hoc|iPhoneSimulator.Deploy.0 = Ad-Hoc|iPhoneSimulator
		{615947CB-068F-4470-BCE2-1F683BC7803A}.AppStore|Any CPU.ActiveCfg = AppStore|iPhone
		{615947CB-068F-4470-BCE2-1F683BC7803A}.AppStore|Any CPU.Build.0 = AppStore|iPhone
		{615947CB-068F-4470-BCE2-1F683BC7803A}.AppStore|Any CPU.Deploy.0 = AppStore|iPhone
		{615947CB-068F-4470-BCE2-1F683BC7803A}.AppStore|iPhone.ActiveCfg = AppStore|iPhone
		{615947CB-068F-4470-BCE2-1F683BC7803A}.AppStore|iPhone.Build.0 = AppStore|iPhone
		{615947CB-068F-4470-BCE2-1F683BC7803A}.AppStore|iPhone.Deploy.0 = AppStore|iPhone
		{615947CB-068F-4470-BCE2-1F683BC7803A}.AppStore|iPhoneSimulator.ActiveCfg = AppStore|iPhoneSimulator
		{615947CB-068F-4470-BCE2-1F683BC7803A}.AppStore|iPhoneSimulator.Build.0 = AppStore|iPhoneSimulator
		{615947CB-068F-4470-BCE2-1F683BC7803A}.AppStore|iPhoneSimulator.Deploy.0 = AppStore|iPhoneSimulator
		{615947CB-068F-4470-BCE2-1F683BC7803A}.Debug|Any CPU.ActiveCfg = Debug|iPhoneSimulator
		{615947CB-068F-4470-BCE2-1F683BC7803A}.Debug|Any CPU.Build.0 = Debug|iPhoneSimulator
		{615947CB-068F-4470-BCE2-1F683BC7803A}.Debug|Any CPU.Deploy.0 = Debug|iPhoneSimulator
		{615947CB-068F-4470-BCE2-1F683BC7803A}.Debug|iPhone.ActiveCfg = Debug|iPhone
		{615947CB-068F-4470-BCE2-1F683BC7803A}.Debug|iPhone.Build.0 = Debug|iPhone
		{615947CB-068F-4470-BCE2-1F683BC7803A}.Debug|iPhone.Deploy.0 = Debug|iPhone
		{615947CB-068F-4470-BCE2-1F683BC7803A}.Debug|iPhoneSimulator.ActiveCfg = Debug|iPhoneSimulator
		{615947CB-068F-4470-BCE2-1F683BC7803A}.Debug|iPhoneSimulator.Build.0 = Debug|iPhoneSimulator
		{615947CB-068F-4470-BCE2-1F683BC7803A}.Debug|iPhoneSimulator.Deploy.0 = Debug|iPhoneSimulator
		{615947CB-068F-4470-BCE2-1F683BC7803A}.Release|Any CPU.ActiveCfg = Release|iPhone
		{615947CB-068F-4470-BCE2-1F683BC7803A}.Release|Any CPU.Build.0 = Release|iPhone
		{615947CB-068F-4470-BCE2-1F683BC7803A}.Release|Any CPU.Deploy.0 = Release|iPhone
		{615947CB-068F-4470-BCE2-1F683BC7803A}.Release|iPhone.ActiveCfg = Release|iPhone
		{615947CB-068F-4470-BCE2-1F683BC7803A}.Release|iPhone.Build.0 = Release|iPhone
		{615947CB-068F-4470-BCE2-1F683BC7803A}.Release|iPhone.Deploy.0 = Release|iPhone
		{615947CB-068F-4470-BCE2-1F683BC7803A}.Release|iPhoneSimulator.ActiveCfg = Release|iPhoneSimulator
		{615947CB-068F-4470-BCE2-1F683BC7803A}.Release|iPhoneSimulator.Build.0 = Release|iPhoneSimulator
		{615947CB-068F-4470-BCE2-1F683BC7803A}.Release|iPhoneSimulator.Deploy.0 = Release|iPhoneSimulator
		{A707D647-80A1-476D-A806-C6455ECB9A53}.Ad-Hoc|Any CPU.ActiveCfg = Debug|Any CPU
		{A707D647-80A1-476D-A806-C6455ECB9A53}.Ad-Hoc|Any CPU.Build.0 = Debug|Any CPU
		{A707D647-80A1-476D-A806-C6455ECB9A53}.Ad-Hoc|Any CPU.Deploy.0 = Debug|Any CPU
		{A707D647-80A1-476D-A806-C6455ECB9A53}.Ad-Hoc|iPhone.ActiveCfg = Debug|Any CPU
		{A707D647-80A1-476D-A806-C6455ECB9A53}.Ad-Hoc|iPhone.Build.0 = Debug|Any CPU
		{A707D647-80A1-476D-A806-C6455ECB9A53}.Ad-Hoc|iPhone.Deploy.0 = Debug|Any CPU
		{A707D647-80A1-476D-A806-C6455ECB9A53}.Ad-Hoc|iPhoneSimulator.ActiveCfg = Debug|Any CPU
		{A707D647-80A1-476D-A806-C6455ECB9A53}.Ad-Hoc|iPhoneSimulator.Build.0 = Debug|Any CPU
		{A707D647-80A1-476D-A806-C6455ECB9A53}.Ad-Hoc|iPhoneSimulator.Deploy.0 = Debug|Any CPU
		{A707D647-80A1-476D-A806-C6455ECB9A53}.AppStore|Any CPU.ActiveCfg = Debug|Any CPU
		{A707D647-80A1-476D-A806-C6455ECB9A53}.AppStore|Any CPU.Build.0 = Debug|Any CPU
		{A707D647-80A1-476D-A806-C6455ECB9A53}.AppStore|Any CPU.Deploy.0 = Debug|Any CPU
		{A707D647-80A1-476D-A806-C6455ECB9A53}.AppStore|iPhone.ActiveCfg = Debug|Any CPU
		{A707D647-80A1-476D-A806-C6455ECB9A53}.AppStore|iPhone.Build.0 = Debug|Any CPU
		{A707D647-80A1-476D-A806-C6455ECB9A53}.AppStore|iPhone.Deploy.0 = Debug|Any CPU
		{A707D647-80A1-476D-A806-C6455ECB9A53}.AppStore|iPhoneSimulator.ActiveCfg = Debug|Any CPU
		{A707D647-80A1-476D-A806-C6455ECB9A53}.AppStore|iPhoneSimulator.Build.0 = Debug|Any CPU
		{A707D647-80A1-476D-A806-C6455ECB9A53}.AppStore|iPhoneSimulator.Deploy.0 = Debug|Any CPU
		{A707D647-80A1-476D-A806-C6455ECB9A53}.Debug|Any CPU.ActiveCfg = Debug|Any CPU
		{A707D647-80A1-476D-A806-C6455ECB9A53}.Debug|Any CPU.Build.0 = Debug|Any CPU
		{A707D647-80A1-476D-A806-C6455ECB9A53}.Debug|Any CPU.Deploy.0 = Debug|Any CPU
		{A707D647-80A1-476D-A806-C6455ECB9A53}.Debug|iPhone.ActiveCfg = Debug|Any CPU
		{A707D647-80A1-476D-A806-C6455ECB9A53}.Debug|iPhone.Build.0 = Debug|Any CPU
		{A707D647-80A1-476D-A806-C6455ECB9A53}.Debug|iPhone.Deploy.0 = Debug|Any CPU
		{A707D647-80A1-476D-A806-C6455ECB9A53}.Debug|iPhoneSimulator.ActiveCfg = Debug|Any CPU
		{A707D647-80A1-476D-A806-C6455ECB9A53}.Debug|iPhoneSimulator.Build.0 = Debug|Any CPU
		{A707D647-80A1-476D-A806-C6455ECB9A53}.Debug|iPhoneSimulator.Deploy.0 = Debug|Any CPU
		{A707D647-80A1-476D-A806-C6455ECB9A53}.Release|Any CPU.ActiveCfg = Release|Any CPU
		{A707D647-80A1-476D-A806-C6455ECB9A53}.Release|Any CPU.Build.0 = Release|Any CPU
		{A707D647-80A1-476D-A806-C6455ECB9A53}.Release|Any CPU.Deploy.0 = Release|Any CPU
		{A707D647-80A1-476D-A806-C6455ECB9A53}.Release|iPhone.ActiveCfg = Release|Any CPU
		{A707D647-80A1-476D-A806-C6455ECB9A53}.Release|iPhone.Build.0 = Release|Any CPU
		{A707D647-80A1-476D-A806-C6455ECB9A53}.Release|iPhone.Deploy.0 = Release|Any CPU
		{A707D647-80A1-476D-A806-C6455ECB9A53}.Release|iPhoneSimulator.ActiveCfg = Release|Any CPU
		{A707D647-80A1-476D-A806-C6455ECB9A53}.Release|iPhoneSimulator.Build.0 = Release|Any CPU
		{A707D647-80A1-476D-A806-C6455ECB9A53}.Release|iPhoneSimulator.Deploy.0 = Release|Any CPU
	EndGlobalSection
	GlobalSection(SolutionProperties) = preSolution
		HideSolutionNode = FALSE
	EndGlobalSection
	GlobalSection(ExtensibilityGlobals) = postSolution
		SolutionGuid = {3F5E87CD-E9E7-402B-899C-0F488E4268AF}
	EndGlobalSection
EndGlobal
